
Microsoft Visual Studio Solution File, Format Version 12.00
# Visual Studio Version 17
VisualStudioVersion = 17.10.35122.118
MinimumVisualStudioVersion = 10.0.40219.1
Project("{FAE04EC0-301F-11D3-BF4B-00C04F79EFBC}") = "Encapsulation", "Encapsulation\Encapsulation.csproj", "{863B35F1-5743-401B-9680-9731C7247E2E}"
EndProject
Global
	GlobalSection(SolutionConfigurationPlatforms) = preSolution
		Debug|Any CPU = Debug|Any CPU
		Release|Any CPU = Release|Any CPU
	EndGlobalSection
	GlobalSection(ProjectConfigurationPlatforms) = postSolution
		{863B35F1-5743-401B-9680-9731C7247E2E}.Debug|Any CPU.ActiveCfg = Debug|Any CPU
		{863B35F1-5743-401B-9680-9731C7247E2E}.Debug|Any CPU.Build.0 = Debug|Any CPU
		{863B35F1-5743-401B-9680-9731C7247E2E}.Release|Any CPU.ActiveCfg = Release|Any CPU
		{863B35F1-5743-401B-9680-9731C7247E2E}.Release|Any CPU.Build.0 = Release|Any CPU
	EndGlobalSection
	GlobalSection(SolutionProperties) = preSolution
		HideSolutionNode = FALSE
	EndGlobalSection
	GlobalSection(ExtensibilityGlobals) = postSolution
		SolutionGuid = {14D9808C-4E42-40E1-932E-9A9A63F2E65A}
	EndGlobalSection
EndGlobal
